
Microsoft Visual Studio Solution File, Format Version 12.00
# Visual Studio Version 16
VisualStudioVersion = 16.0.30517.126
MinimumVisualStudioVersion = 10.0.40219.1
Project("{FAE04EC0-301F-11D3-BF4B-00C04F79EFBC}") = "Games", "Games\Games.csproj", "{AFBEF797-C00E-438A-BA61-99DED0886785}"
EndProject
Global
	GlobalSection(SolutionConfigurationPlatforms) = preSolution
		Debug|Any CPU = Debug|Any CPU
		Release|Any CPU = Release|Any CPU
	EndGlobalSection
	GlobalSection(ProjectConfigurationPlatforms) = postSolution
		{AFBEF797-C00E-438A-BA61-99DED0886785}.Debug|Any CPU.ActiveCfg = Debug|Any CPU
		{AFBEF797-C00E-438A-BA61-99DED0886785}.Debug|Any CPU.Build.0 = Debug|Any CPU
		{AFBEF797-C00E-438A-BA61-99DED0886785}.Release|Any CPU.ActiveCfg = Release|Any CPU
		{AFBEF797-C00E-438A-BA61-99DED0886785}.Release|Any CPU.Build.0 = Release|Any CPU
	EndGlobalSection
	GlobalSection(SolutionProperties) = preSolution
		HideSolutionNode = FALSE
	EndGlobalSection
	GlobalSection(ExtensibilityGlobals) = postSolution
		SolutionGuid = {3BF34782-35EC-419E-B84B-DBCF84F90657}
	EndGlobalSection
EndGlobal
